// !$*UTF8*$!
{
	archiveVersion = 1;
	classes = {
	};
	objectVersion = 56;
	objects = {

/* Begin PBXBuildFile section */
		15351AED28DBB05C00E3D154 /* Project2App.swift in Sources */ = {isa = PBXBuildFile; fileRef = 15351AEC28DBB05C00E3D154 /* Project2App.swift */; };
		15351AEF28DBB05C00E3D154 /* ContentView.swift in Sources */ = {isa = PBXBuildFile; fileRef = 15351AEE28DBB05C00E3D154 /* ContentView.swift */; };
		15351AF128DBB05C00E3D154 /* Assets.xcassets in Resources */ = {isa = PBXBuildFile; fileRef = 15351AF028DBB05C00E3D154 /* Assets.xcassets */; };
		15351AF428DBB05C00E3D154 /* Preview Assets.xcassets in Resources */ = {isa = PBXBuildFile; fileRef = 15351AF328DBB05C00E3D154 /* Preview Assets.xcassets */; };
		15351AFE28DBB05C00E3D154 /* Project2Tests.swift in Sources */ = {isa = PBXBuildFile; fileRef = 15351AFD28DBB05C00E3D154 /* Project2Tests.swift */; };
		15351B0828DBB05C00E3D154 /* Project2UITests.swift in Sources */ = {isa = PBXBuildFile; fileRef = 15351B0728DBB05C00E3D154 /* Project2UITests.swift */; };
		15351B0A28DBB05C00E3D154 /* Project2UITestsLaunchTests.swift in Sources */ = {isa = PBXBuildFile; fileRef = 15351B0928DBB05C00E3D154 /* Project2UITestsLaunchTests.swift */; };
/* End PBXBuildFile section */

/* Begin PBXContainerItemProxy section */
		15351AFA28DBB05C00E3D154 /* PBXContainerItemProxy */ = {
			isa = PBXContainerItemProxy;
			containerPortal = 15351AE128DBB05B00E3D154 /* Project object */;
			proxyType = 1;
			remoteGlobalIDString = 15351AE828DBB05C00E3D154;
			remoteInfo = Project2;
		};
		15351B0428DBB05C00E3D154 /* PBXContainerItemProxy */ = {
			isa = PBXContainerItemProxy;
			containerPortal = 15351AE128DBB05B00E3D154 /* Project object */;
			proxyType = 1;
			remoteGlobalIDString = 15351AE828DBB05C00E3D154;
			remoteInfo = Project2;
		};
/* End PBXContainerItemProxy section */

/* Begin PBXFileReference section */
		15351AE928DBB05C00E3D154 /* Project2.app */ = {isa = PBXFileReference; explicitFileType = wrapper.application; includeInIndex = 0; path = Project2.app; sourceTree = BUILT_PRODUCTS_DIR; };
		15351AEC28DBB05C00E3D154 /* Project2App.swift */ = {isa = PBXFileReference; lastKnownFileType = sourcecode.swift; path = Project2App.swift; sourceTree = "<group>"; };
		15351AEE28DBB05C00E3D154 /* ContentView.swift */ = {isa = PBXFileReference; lastKnownFileType = sourcecode.swift; path = ContentView.swift; sourceTree = "<group>"; };
		15351AF028DBB05C00E3D154 /* Assets.xcassets */ = {isa = PBXFileReference; lastKnownFileType = folder.assetcatalog; path = Assets.xcassets; sourceTree = "<group>"; };
		15351AF328DBB05C00E3D154 /* Preview Assets.xcassets */ = {isa = PBXFileReference; lastKnownFileType = folder.assetcatalog; path = "Preview Assets.xcassets"; sourceTree = "<group>"; };
		15351AF928DBB05C00E3D154 /* Project2Tests.xctest */ = {isa = PBXFileReference; explicitFileType = wrapper.cfbundle; includeInIndex = 0; path = Project2Tests.xctest; sourceTree = BUILT_PRODUCTS_DIR; };
		15351AFD28DBB05C00E3D154 /* Project2Tests.swift */ = {isa = PBXFileReference; lastKnownFileType = sourcecode.swift; path = Project2Tests.swift; sourceTree = "<group>"; };
		15351B0328DBB05C00E3D154 /* Project2UITests.xctest */ = {isa = PBXFileReference; explicitFileType = wrapper.cfbundle; includeInIndex = 0; path = Project2UITests.xctest; sourceTree = BUILT_PRODUCTS_DIR; };
		15351B0728DBB05C00E3D154 /* Project2UITests.swift */ = {isa = PBXFileReference; lastKnownFileType = sourcecode.swift; path = Project2UITests.swift; sourceTree = "<group>"; };
		15351B0928DBB05C00E3D154 /* Project2UITestsLaunchTests.swift */ = {isa = PBXFileReference; lastKnownFileType = sourcecode.swift; path = Project2UITestsLaunchTests.swift; sourceTree = "<group>"; };
/* End PBXFileReference section */

/* Begin PBXFrameworksBuildPhase section */
		15351AE628DBB05C00E3D154 /* Frameworks */ = {
			isa = PBXFrameworksBuildPhase;
			buildActionMask = 2147483647;
			files = (
			);
			runOnlyForDeploymentPostprocessing = 0;
		};
		15351AF628DBB05C00E3D154 /* Frameworks */ = {
			isa = PBXFrameworksBuildPhase;
			buildActionMask = 2147483647;
			files = (
			);
			runOnlyForDeploymentPostprocessing = 0;
		};
		15351B0028DBB05C00E3D154 /* Frameworks */ = {
			isa = PBXFrameworksBuildPhase;
			buildActionMask = 2147483647;
			files = (
			);
			runOnlyForDeploymentPostprocessing = 0;
		};
/* End PBXFrameworksBuildPhase section */

/* Begin PBXGroup section */
		15351AE028DBB05B00E3D154 = {
			isa = PBXGroup;
			children = (
				15351AEB28DBB05C00E3D154 /* Project2 */,
				15351AFC28DBB05C00E3D154 /* Project2Tests */,
				15351B0628DBB05C00E3D154 /* Project2UITests */,
				15351AEA28DBB05C00E3D154 /* Products */,
			);
			sourceTree = "<group>";
		};
		15351AEA28DBB05C00E3D154 /* Products */ = {
			isa = PBXGroup;
			children = (
				15351AE928DBB05C00E3D154 /* Project2.app */,
				15351AF928DBB05C00E3D154 /* Project2Tests.xctest */,
				15351B0328DBB05C00E3D154 /* Project2UITests.xctest */,
			);
			name = Products;
			sourceTree = "<group>";
		};
		15351AEB28DBB05C00E3D154 /* Project2 */ = {
			isa = PBXGroup;
			children = (
				15351AEC28DBB05C00E3D154 /* Project2App.swift */,
				15351AEE28DBB05C00E3D154 /* ContentView.swift */,
				15351AF028DBB05C00E3D154 /* Assets.xcassets */,
				15351AF228DBB05C00E3D154 /* Preview Content */,
			);
			path = Project2;
			sourceTree = "<group>";
		};
		15351AF228DBB05C00E3D154 /* Preview Content */ = {
			isa = PBXGroup;
			children = (
				15351AF328DBB05C00E3D154 /* Preview Assets.xcassets */,
			);
			path = "Preview Content";
			sourceTree = "<group>";
		};
		15351AFC28DBB05C00E3D154 /* Project2Tests */ = {
			isa = PBXGroup;
			children = (
				15351AFD28DBB05C00E3D154 /* Project2Tests.swift */,
			);
			path = Project2Tests;
			sourceTree = "<group>";
		};
		15351B0628DBB05C00E3D154 /* Project2UITests */ = {
			isa = PBXGroup;
			children = (
				15351B0728DBB05C00E3D154 /* Project2UITests.swift */,
				15351B0928DBB05C00E3D154 /* Project2UITestsLaunchTests.swift */,
			);
			path = Project2UITests;
			sourceTree = "<group>";
		};
/* End PBXGroup section */

/* Begin PBXNativeTarget section */
		15351AE828DBB05C00E3D154 /* Project2 */ = {
			isa = PBXNativeTarget;
			buildConfigurationList = 15351B0D28DBB05C00E3D154 /* Build configuration list for PBXNativeTarget "Project2" */;
			buildPhases = (
				15351AE528DBB05C00E3D154 /* Sources */,
				15351AE628DBB05C00E3D154 /* Frameworks */,
				15351AE728DBB05C00E3D154 /* Resources */,
			);
			buildRules = (
			);
			dependencies = (
			);
			name = Project2;
			productName = Project2;
			productReference = 15351AE928DBB05C00E3D154 /* Project2.app */;
			productType = "com.apple.product-type.application";
		};
		15351AF828DBB05C00E3D154 /* Project2Tests */ = {
			isa = PBXNativeTarget;
			buildConfigurationList = 15351B1028DBB05C00E3D154 /* Build configuration list for PBXNativeTarget "Project2Tests" */;
			buildPhases = (
				15351AF528DBB05C00E3D154 /* Sources */,
				15351AF628DBB05C00E3D154 /* Frameworks */,
				15351AF728DBB05C00E3D154 /* Resources */,
			);
			buildRules = (
			);
			dependencies = (
				15351AFB28DBB05C00E3D154 /* PBXTargetDependency */,
			);
			name = Project2Tests;
			productName = Project2Tests;
			productReference = 15351AF928DBB05C00E3D154 /* Project2Tests.xctest */;
			productType = "com.apple.product-type.bundle.unit-test";
		};
		15351B0228DBB05C00E3D154 /* Project2UITests */ = {
			isa = PBXNativeTarget;
			buildConfigurationList = 15351B1328DBB05C00E3D154 /* Build configuration list for PBXNativeTarget "Project2UITests" */;
			buildPhases = (
				15351AFF28DBB05C00E3D154 /* Sources */,
				15351B0028DBB05C00E3D154 /* Frameworks */,
				15351B0128DBB05C00E3D154 /* Resources */,
			);
			buildRules = (
			);
			dependencies = (
				15351B0528DBB05C00E3D154 /* PBXTargetDependency */,
			);
			name = Project2UITests;
			productName = Project2UITests;
			productReference = 15351B0328DBB05C00E3D154 /* Project2UITests.xctest */;
			productType = "com.apple.product-type.bundle.ui-testing";
		};
/* End PBXNativeTarget section */

/* Begin PBXProject section */
		15351AE128DBB05B00E3D154 /* Project object */ = {
			isa = PBXProject;
			attributes = {
				BuildIndependentTargetsInParallel = 1;
				LastSwiftUpdateCheck = 1400;
				LastUpgradeCheck = 1400;
				TargetAttributes = {
					15351AE828DBB05C00E3D154 = {
						CreatedOnToolsVersion = 14.0;
					};
					15351AF828DBB05C00E3D154 = {
						CreatedOnToolsVersion = 14.0;
						TestTargetID = 15351AE828DBB05C00E3D154;
					};
					15351B0228DBB05C00E3D154 = {
						CreatedOnToolsVersion = 14.0;
						TestTargetID = 15351AE828DBB05C00E3D154;
					};
				};
			};
			buildConfigurationList = 15351AE428DBB05B00E3D154 /* Build configuration list for PBXProject "Project2" */;
			compatibilityVersion = "Xcode 14.0";
			developmentRegion = en;
			hasScannedForEncodings = 0;
			knownRegions = (
				en,
				Base,
			);
			mainGroup = 15351AE028DBB05B00E3D154;
			productRefGroup = 15351AEA28DBB05C00E3D154 /* Products */;
			projectDirPath = "";
			projectRoot = "";
			targets = (
				15351AE828DBB05C00E3D154 /* Project2 */,
				15351AF828DBB05C00E3D154 /* Project2Tests */,
				15351B0228DBB05C00E3D154 /* Project2UITests */,
			);
		};
/* End PBXProject section */

/* Begin PBXResourcesBuildPhase section */
		15351AE728DBB05C00E3D154 /* Resources */ = {
			isa = PBXResourcesBuildPhase;
			buildActionMask = 2147483647;
			files = (
				15351AF428DBB05C00E3D154 /* Preview Assets.xcassets in Resources */,
				15351AF128DBB05C00E3D154 /* Assets.xcassets in Resources */,
			);
			runOnlyForDeploymentPostprocessing = 0;
		};
		15351AF728DBB05C00E3D154 /* Resources */ = {
			isa = PBXResourcesBuildPhase;
			buildActionMask = 2147483647;
			files = (
			);
			runOnlyForDeploymentPostprocessing = 0;
		};
		15351B0128DBB05C00E3D154 /* Resources */ = {
			isa = PBXResourcesBuildPhase;
			buildActionMask = 2147483647;
			files = (
			);
			runOnlyForDeploymentPostprocessing = 0;
		};
/* End PBXResourcesBuildPhase section */

/* Begin PBXSourcesBuildPhase section */
		15351AE528DBB05C00E3D154 /* Sources */ = {
			isa = PBXSourcesBuildPhase;
			buildActionMask = 2147483647;
			files = (
				15351AEF28DBB05C00E3D154 /* ContentView.swift in Sources */,
				15351AED28DBB05C00E3D154 /* Project2App.swift in Sources */,
			);
			runOnlyForDeploymentPostprocessing = 0;
		};
		15351AF528DBB05C00E3D154 /* Sources */ = {
			isa = PBXSourcesBuildPhase;
			buildActionMask = 2147483647;
			files = (
				15351AFE28DBB05C00E3D154 /* Project2Tests.swift in Sources */,
			);
			runOnlyForDeploymentPostprocessing = 0;
		};
		15351AFF28DBB05C00E3D154 /* Sources */ = {
			isa = PBXSourcesBuildPhase;
			buildActionMask = 2147483647;
			files = (
				15351B0A28DBB05C00E3D154 /* Project2UITestsLaunchTests.swift in Sources */,
				15351B0828DBB05C00E3D154 /* Project2UITests.swift in Sources */,
			);
			runOnlyForDeploymentPostprocessing = 0;
		};
/* End PBXSourcesBuildPhase section */

/* Begin PBXTargetDependency section */
		15351AFB28DBB05C00E3D154 /* PBXTargetDependency */ = {
			isa = PBXTargetDependency;
			target = 15351AE828DBB05C00E3D154 /* Project2 */;
			targetProxy = 15351AFA28DBB05C00E3D154 /* PBXContainerItemProxy */;
		};
		15351B0528DBB05C00E3D154 /* PBXTargetDependency */ = {
			isa = PBXTargetDependency;
			target = 15351AE828DBB05C00E3D154 /* Project2 */;
			targetProxy = 15351B0428DBB05C00E3D154 /* PBXContainerItemProxy */;
		};
/* End PBXTargetDependency section */

/* Begin XCBuildConfiguration section */
		15351B0B28DBB05C00E3D154 /* Debug */ = {
			isa = XCBuildConfiguration;
			buildSettings = {
				ALWAYS_SEARCH_USER_PATHS = NO;
				CLANG_ANALYZER_NONNULL = YES;
				CLANG_ANALYZER_NUMBER_OBJECT_CONVERSION = YES_AGGRESSIVE;
				CLANG_CXX_LANGUAGE_STANDARD = "gnu++20";
				CLANG_ENABLE_MODULES = YES;
				CLANG_ENABLE_OBJC_ARC = YES;
				CLANG_ENABLE_OBJC_WEAK = YES;
				CLANG_WARN_BLOCK_CAPTURE_AUTORELEASING = YES;
				CLANG_WARN_BOOL_CONVERSION = YES;
				CLANG_WARN_COMMA = YES;
				CLANG_WARN_CONSTANT_CONVERSION = YES;
				CLANG_WARN_DEPRECATED_OBJC_IMPLEMENTATIONS = YES;
				CLANG_WARN_DIRECT_OBJC_ISA_USAGE = YES_ERROR;
				CLANG_WARN_DOCUMENTATION_COMMENTS = YES;
				CLANG_WARN_EMPTY_BODY = YES;
				CLANG_WARN_ENUM_CONVERSION = YES;
				CLANG_WARN_INFINITE_RECURSION = YES;
				CLANG_WARN_INT_CONVERSION = YES;
				CLANG_WARN_NON_LITERAL_NULL_CONVERSION = YES;
				CLANG_WARN_OBJC_IMPLICIT_RETAIN_SELF = YES;
				CLANG_WARN_OBJC_LITERAL_CONVERSION = YES;
				CLANG_WARN_OBJC_ROOT_CLASS = YES_ERROR;
				CLANG_WARN_QUOTED_INCLUDE_IN_FRAMEWORK_HEADER = YES;
				CLANG_WARN_RANGE_LOOP_ANALYSIS = YES;
				CLANG_WARN_STRICT_PROTOTYPES = YES;
				CLANG_WARN_SUSPICIOUS_MOVE = YES;
				CLANG_WARN_UNGUARDED_AVAILABILITY = YES_AGGRESSIVE;
				CLANG_WARN_UNREACHABLE_CODE = YES;
				CLANG_WARN__DUPLICATE_METHOD_MATCH = YES;
				COPY_PHASE_STRIP = NO;
				DEBUG_INFORMATION_FORMAT = dwarf;
				ENABLE_STRICT_OBJC_MSGSEND = YES;
				ENABLE_TESTABILITY = YES;
				GCC_C_LANGUAGE_STANDARD = gnu11;
				GCC_DYNAMIC_NO_PIC = NO;
				GCC_NO_COMMON_BLOCKS = YES;
				GCC_OPTIMIZATION_LEVEL = 0;
				GCC_PREPROCESSOR_DEFINITIONS = (
					"DEBUG=1",
					"$(inherited)",
				);
				GCC_WARN_64_TO_32_BIT_CONVERSION = YES;
				GCC_WARN_ABOUT_RETURN_TYPE = YES_ERROR;
				GCC_WARN_UNDECLARED_SELECTOR = YES;
				GCC_WARN_UNINITIALIZED_AUTOS = YES_AGGRESSIVE;
				GCC_WARN_UNUSED_FUNCTION = YES;
				GCC_WARN_UNUSED_VARIABLE = YES;
				IPHONEOS_DEPLOYMENT_TARGET = 16.0;
				MTL_ENABLE_DEBUG_INFO = INCLUDE_SOURCE;
				MTL_FAST_MATH = YES;
				ONLY_ACTIVE_ARCH = YES;
				SDKROOT = iphoneos;
				SWIFT_ACTIVE_COMPILATION_CONDITIONS = DEBUG;
				SWIFT_OPTIMIZATION_LEVEL = "-Onone";
			};
			name = Debug;
		};
		15351B0C28DBB05C00E3D154 /* Release */ = {
			isa = XCBuildConfiguration;
			buildSettings = {
				ALWAYS_SEARCH_USER_PATHS = NO;
				CLANG_ANALYZER_NONNULL = YES;
				CLANG_ANALYZER_NUMBER_OBJECT_CONVERSION = YES_AGGRESSIVE;
				CLANG_CXX_LANGUAGE_STANDARD = "gnu++20";
				CLANG_ENABLE_MODULES = YES;
				CLANG_ENABLE_OBJC_ARC = YES;
				CLANG_ENABLE_OBJC_WEAK = YES;
				CLANG_WARN_BLOCK_CAPTURE_AUTORELEASING = YES;
				CLANG_WARN_BOOL_CONVERSION = YES;
				CLANG_WARN_COMMA = YES;
				CLANG_WARN_CONSTANT_CONVERSION = YES;
				CLANG_WARN_DEPRECATED_OBJC_IMPLEMENTATIONS = YES;
				CLANG_WARN_DIRECT_OBJC_ISA_USAGE = YES_ERROR;
				CLANG_WARN_DOCUMENTATION_COMMENTS = YES;
				CLANG_WARN_EMPTY_BODY = YES;
				CLANG_WARN_ENUM_CONVERSION = YES;
				CLANG_WARN_INFINITE_RECURSION = YES;
				CLANG_WARN_INT_CONVERSION = YES;
				CLANG_WARN_NON_LITERAL_NULL_CONVERSION = YES;
				CLANG_WARN_OBJC_IMPLICIT_RETAIN_SELF = YES;
				CLANG_WARN_OBJC_LITERAL_CONVERSION = YES;
				CLANG_WARN_OBJC_ROOT_CLASS = YES_ERROR;
				CLANG_WARN_QUOTED_INCLUDE_IN_FRAMEWORK_HEADER = YES;
				CLANG_WARN_RANGE_LOOP_ANALYSIS = YES;
				CLANG_WARN_STRICT_PROTOTYPES = YES;
				CLANG_WARN_SUSPICIOUS_MOVE = YES;
				CLANG_WARN_UNGUARDED_AVAILABILITY = YES_AGGRESSIVE;
				CLANG_WARN_UNREACHABLE_CODE = YES;
				CLANG_WARN__DUPLICATE_METHOD_MATCH = YES;
				COPY_PHASE_STRIP = NO;
				DEBUG_INFORMATION_FORMAT = "dwarf-with-dsym";
				ENABLE_NS_ASSERTIONS = NO;
				ENABLE_STRICT_OBJC_MSGSEND = YES;
				GCC_C_LANGUAGE_STANDARD = gnu11;
				GCC_NO_COMMON_BLOCKS = YES;
				GCC_WARN_64_TO_32_BIT_CONVERSION = YES;
				GCC_WARN_ABOUT_RETURN_TYPE = YES_ERROR;
				GCC_WARN_UNDECLARED_SELECTOR = YES;
				GCC_WARN_UNINITIALIZED_AUTOS = YES_AGGRESSIVE;
				GCC_WARN_UNUSED_FUNCTION = YES;
				GCC_WARN_UNUSED_VARIABLE = YES;
				IPHONEOS_DEPLOYMENT_TARGET = 16.0;
				MTL_ENABLE_DEBUG_INFO = NO;
				MTL_FAST_MATH = YES;
				SDKROOT = iphoneos;
				SWIFT_COMPILATION_MODE = wholemodule;
				SWIFT_OPTIMIZATION_LEVEL = "-O";
				VALIDATE_PRODUCT = YES;
			};
			name = Release;
		};
		15351B0E28DBB05C00E3D154 /* Debug */ = {
			isa = XCBuildConfiguration;
			buildSettings = {
				ASSETCATALOG_COMPILER_APPICON_NAME = AppIcon;
				ASSETCATALOG_COMPILER_GLOBAL_ACCENT_COLOR_NAME = AccentColor;
				CODE_SIGN_STYLE = Automatic;
				CURRENT_PROJECT_VERSION = 1;
				DEVELOPMENT_ASSET_PATHS = "\"Project2/Preview Content\"";
				ENABLE_PREVIEWS = YES;
				GENERATE_INFOPLIST_FILE = YES;
				INFOPLIST_KEY_UIApplicationSceneManifest_Generation = YES;
				INFOPLIST_KEY_UIApplicationSupportsIndirectInputEvents = YES;
				INFOPLIST_KEY_UILaunchScreen_Generation = YES;
				INFOPLIST_KEY_UISupportedInterfaceOrientations_iPad = "UIInterfaceOrientationPortrait UIInterfaceOrientationPortraitUpsideDown UIInterfaceOrientationLandscapeLeft UIInterfaceOrientationLandscapeRight";
				INFOPLIST_KEY_UISupportedInterfaceOrientations_iPhone = "UIInterfaceOrientationPortrait UIInterfaceOrientationLandscapeLeft UIInterfaceOrientationLandscapeRight";
				LD_RUNPATH_SEARCH_PATHS = (
					"$(inherited)",
					"@executable_path/Frameworks",
				);
				MARKETING_VERSION = 1.0;
				PRODUCT_BUNDLE_IDENTIFIER = "Pengfei-Zhao.Project2";
				PRODUCT_NAME = "$(TARGET_NAME)";
				SWIFT_EMIT_LOC_STRINGS = YES;
				SWIFT_VERSION = 5.0;
				TARGETED_DEVICE_FAMILY = "1,2";
			};
			name = Debug;
		};
		15351B0F28DBB05C00E3D154 /* Release */ = {
			isa = XCBuildConfiguration;
			buildSettings = {
				ASSETCATALOG_COMPILER_APPICON_NAME = AppIcon;
				ASSETCATALOG_COMPILER_GLOBAL_ACCENT_COLOR_NAME = AccentColor;
				CODE_SIGN_STYLE = Automatic;
				CURRENT_PROJECT_VERSION = 1;
				DEVELOPMENT_ASSET_PATHS = "\"Project2/Preview Content\"";
				ENABLE_PREVIEWS = YES;
				GENERATE_INFOPLIST_FILE = YES;
				INFOPLIST_KEY_UIApplicationSceneManifest_Generation = YES;
				INFOPLIST_KEY_UIApplicationSupportsIndirectInputEvents = YES;
				INFOPLIST_KEY_UILaunchScreen_Generation = YES;
				INFOPLIST_KEY_UISupportedInterfaceOrientations_iPad = "UIInterfaceOrientationPortrait UIInterfaceOrientationPortraitUpsideDown UIInterfaceOrientationLandscapeLeft UIInterfaceOrientationLandscapeRight";
				INFOPLIST_KEY_UISupportedInterfaceOrientations_iPhone = "UIInterfaceOrientationPortrait UIInterfaceOrientationLandscapeLeft UIInterfaceOrientationLandscapeRight";
				LD_RUNPATH_SEARCH_PATHS = (
					"$(inherited)",
					"@executable_path/Frameworks",
				);
				MARKETING_VERSION = 1.0;
				PRODUCT_BUNDLE_IDENTIFIER = "Pengfei-Zhao.Project2";
				PRODUCT_NAME = "$(TARGET_NAME)";
				SWIFT_EMIT_LOC_STRINGS = YES;
				SWIFT_VERSION = 5.0;
				TARGETED_DEVICE_FAMILY = "1,2";
			};
			name = Release;
		};
		15351B1128DBB05C00E3D154 /* Debug */ = {
			isa = XCBuildConfiguration;
			buildSettings = {
				ALWAYS_EMBED_SWIFT_STANDARD_LIBRARIES = YES;
				BUNDLE_LOADER = "$(TEST_HOST)";
				CODE_SIGN_STYLE = Automatic;
				CURRENT_PROJECT_VERSION = 1;
				GENERATE_INFOPLIST_FILE = YES;
				IPHONEOS_DEPLOYMENT_TARGET = 16.0;
				MARKETING_VERSION = 1.0;
				PRODUCT_BUNDLE_IDENTIFIER = "Pengfei-Zhao.Project2Tests";
				PRODUCT_NAME = "$(TARGET_NAME)";
				SWIFT_EMIT_LOC_STRINGS = NO;
				SWIFT_VERSION = 5.0;
				TARGETED_DEVICE_FAMILY = "1,2";
				TEST_HOST = "$(BUILT_PRODUCTS_DIR)/Project2.app/$(BUNDLE_EXECUTABLE_FOLDER_PATH)/Project2";
			};
			name = Debug;
		};
		15351B1228DBB05C00E3D154 /* Release */ = {
			isa = XCBuildConfiguration;
			buildSettings = {
				ALWAYS_EMBED_SWIFT_STANDARD_LIBRARIES = YES;
				BUNDLE_LOADER = "$(TEST_HOST)";
				CODE_SIGN_STYLE = Automatic;
				CURRENT_PROJECT_VERSION = 1;
				GENERATE_INFOPLIST_FILE = YES;
				IPHONEOS_DEPLOYMENT_TARGET = 16.0;
				MARKETING_VERSION = 1.0;
				PRODUCT_BUNDLE_IDENTIFIER = "Pengfei-Zhao.Project2Tests";
				PRODUCT_NAME = "$(TARGET_NAME)";
				SWIFT_EMIT_LOC_STRINGS = NO;
				SWIFT_VERSION = 5.0;
				TARGETED_DEVICE_FAMILY = "1,2";
				TEST_HOST = "$(BUILT_PRODUCTS_DIR)/Project2.app/$(BUNDLE_EXECUTABLE_FOLDER_PATH)/Project2";
			};
			name = Release;
		};
		15351B1428DBB05C00E3D154 /* Debug */ = {
			isa = XCBuildConfiguration;
			buildSettings = {
				ALWAYS_EMBED_SWIFT_STANDARD_LIBRARIES = YES;
				CODE_SIGN_STYLE = Automatic;
				CURRENT_PROJECT_VERSION = 1;
				GENERATE_INFOPLIST_FILE = YES;
				MARKETING_VERSION = 1.0;
				PRODUCT_BUNDLE_IDENTIFIER = "Pengfei-Zhao.Project2UITests";
				PRODUCT_NAME = "$(TARGET_NAME)";
				SWIFT_EMIT_LOC_STRINGS = NO;
				SWIFT_VERSION = 5.0;
				TARGETED_DEVICE_FAMILY = "1,2";
				TEST_TARGET_NAME = Project2;
			};
			name = Debug;
		};
		15351B1528DBB05C00E3D154 /* Release */ = {
			isa = XCBuildConfiguration;
			buildSettings = {
				ALWAYS_EMBED_SWIFT_STANDARD_LIBRARIES = YES;
				CODE_SIGN_STYLE = Automatic;
				CURRENT_PROJECT_VERSION = 1;
				GENERATE_INFOPLIST_FILE = YES;
				MARKETING_VERSION = 1.0;
				PRODUCT_BUNDLE_IDENTIFIER = "Pengfei-Zhao.Project2UITests";
				PRODUCT_NAME = "$(TARGET_NAME)";
				SWIFT_EMIT_LOC_STRINGS = NO;
				SWIFT_VERSION = 5.0;
				TARGETED_DEVICE_FAMILY = "1,2";
				TEST_TARGET_NAME = Project2;
			};
			name = Release;
		};
/* End XCBuildConfiguration section */

/* Begin XCConfigurationList section */
		15351AE428DBB05B00E3D154 /* Build configuration list for PBXProject "Project2" */ = {
			isa = XCConfigurationList;
			buildConfigurations = (
				15351B0B28DBB05C00E3D154 /* Debug */,
				15351B0C28DBB05C00E3D154 /* Release */,
			);
			defaultConfigurationIsVisible = 0;
			defaultConfigurationName = Release;
		};
		15351B0D28DBB05C00E3D154 /* Build configuration list for PBXNativeTarget "Project2" */ = {
			isa = XCConfigurationList;
			buildConfigurations = (
				15351B0E28DBB05C00E3D154 /* Debug */,
				15351B0F28DBB05C00E3D154 /* Release */,
			);
			defaultConfigurationIsVisible = 0;
			defaultConfigurationName = Release;
		};
		15351B1028DBB05C00E3D154 /* Build configuration list for PBXNativeTarget "Project2Tests" */ = {
			isa = XCConfigurationList;
			buildConfigurations = (
				15351B1128DBB05C00E3D154 /* Debug */,
				15351B1228DBB05C00E3D154 /* Release */,
			);
			defaultConfigurationIsVisible = 0;
			defaultConfigurationName = Release;
		};
		15351B1328DBB05C00E3D154 /* Build configuration list for PBXNativeTarget "Project2UITests" */ = {
			isa = XCConfigurationList;
			buildConfigurations = (
				15351B1428DBB05C00E3D154 /* Debug */,
				15351B1528DBB05C00E3D154 /* Release */,
			);
			defaultConfigurationIsVisible = 0;
			defaultConfigurationName = Release;
		};
/* End XCConfigurationList section */
	};
	rootObject = 15351AE128DBB05B00E3D154 /* Project object */;
}
